
Microsoft Visual Studio Solution File, Format Version 12.00
# Visual Studio Version 18
VisualStudioVersion = 18.0.11205.157
MinimumVisualStudioVersion = 10.0.40219.1
Project("{FAE04EC0-301F-11D3-BF4B-00C04F79EFBC}") = "GumVideoCutter", "GumVideoCutter\GumVideoCutter.csproj", "{C09D3FC5-F4E9-48CE-A354-3982B8365C9C}"
EndProject
Project("{FAE04EC0-301F-11D3-BF4B-00C04F79EFBC}") = "GumVideoSorter", "GumVideoSorter\GumVideoSorter.csproj", "{C94A8122-BFC8-4C7E-8D45-8E776E99BB38}"
EndProject
Project("{FAE04EC0-301F-11D3-BF4B-00C04F79EFBC}") = "GumTool", "GumTool\GumTool.csproj", "{C8E89717-35B8-4C21-BEC7-F86EF7BEC2DD}"
EndProject
Project("{FAE04EC0-301F-11D3-BF4B-00C04F79EFBC}") = "GumImageSorter", "GumImageSorter\GumImageSorter.csproj", "{E3C4EC51-6BA1-486B-8DF8-2F6CE80B4E6E}"
EndProject
Global
	GlobalSection(SolutionConfigurationPlatforms) = preSolution
		Debug|Any CPU = Debug|Any CPU
		Release|Any CPU = Release|Any CPU
	EndGlobalSection
	GlobalSection(ProjectConfigurationPlatforms) = postSolution
		{C09D3FC5-F4E9-48CE-A354-3982B8365C9C}.Debug|Any CPU.ActiveCfg = Debug|Any CPU
		{C09D3FC5-F4E9-48CE-A354-3982B8365C9C}.Debug|Any CPU.Build.0 = Debug|Any CPU
		{C09D3FC5-F4E9-48CE-A354-3982B8365C9C}.Release|Any CPU.ActiveCfg = Release|Any CPU
		{C09D3FC5-F4E9-48CE-A354-3982B8365C9C}.Release|Any CPU.Build.0 = Release|Any CPU
		{C94A8122-BFC8-4C7E-8D45-8E776E99BB38}.Debug|Any CPU.ActiveCfg = Debug|Any CPU
		{C94A8122-BFC8-4C7E-8D45-8E776E99BB38}.Debug|Any CPU.Build.0 = Debug|Any CPU
		{C94A8122-BFC8-4C7E-8D45-8E776E99BB38}.Release|Any CPU.ActiveCfg = Release|Any CPU
		{C94A8122-BFC8-4C7E-8D45-8E776E99BB38}.Release|Any CPU.Build.0 = Release|Any CPU
		{C8E89717-35B8-4C21-BEC7-F86EF7BEC2DD}.Debug|Any CPU.ActiveCfg = Debug|Any CPU
		{C8E89717-35B8-4C21-BEC7-F86EF7BEC2DD}.Debug|Any CPU.Build.0 = Debug|Any CPU
		{C8E89717-35B8-4C21-BEC7-F86EF7BEC2DD}.Release|Any CPU.ActiveCfg = Release|Any CPU
		{C8E89717-35B8-4C21-BEC7-F86EF7BEC2DD}.Release|Any CPU.Build.0 = Release|Any CPU
		{E3C4EC51-6BA1-486B-8DF8-2F6CE80B4E6E}.Debug|Any CPU.ActiveCfg = Debug|Any CPU
		{E3C4EC51-6BA1-486B-8DF8-2F6CE80B4E6E}.Debug|Any CPU.Build.0 = Debug|Any CPU
		{E3C4EC51-6BA1-486B-8DF8-2F6CE80B4E6E}.Release|Any CPU.ActiveCfg = Release|Any CPU
		{E3C4EC51-6BA1-486B-8DF8-2F6CE80B4E6E}.Release|Any CPU.Build.0 = Release|Any CPU
	EndGlobalSection
	GlobalSection(SolutionProperties) = preSolution
		HideSolutionNode = FALSE
	EndGlobalSection
	GlobalSection(ExtensibilityGlobals) = postSolution
		SolutionGuid = {4D4AA562-CCBD-4B60-AE2B-320B5E2EE2C2}
	EndGlobalSection
EndGlobal
